
Microsoft Visual Studio Solution File, Format Version 12.00
# Visual Studio 15
VisualStudioVersion = 15.0.28307.1525
MinimumVisualStudioVersion = 10.0.40219.1
Project("{FAE04EC0-301F-11D3-BF4B-00C04F79EFBC}") = "CatalogoDejogos", "CatalogoDejogos\CatalogoDejogos.csproj", "{63A1E330-4261-42AF-88B6-2C0EC54666C6}"
EndProject
Global
	GlobalSection(SolutionConfigurationPlatforms) = preSolution
		Debug|Any CPU = Debug|Any CPU
		Release|Any CPU = Release|Any CPU
	EndGlobalSection
	GlobalSection(ProjectConfigurationPlatforms) = postSolution
		{63A1E330-4261-42AF-88B6-2C0EC54666C6}.Debug|Any CPU.ActiveCfg = Debug|Any CPU
		{63A1E330-4261-42AF-88B6-2C0EC54666C6}.Debug|Any CPU.Build.0 = Debug|Any CPU
		{63A1E330-4261-42AF-88B6-2C0EC54666C6}.Release|Any CPU.ActiveCfg = Release|Any CPU
		{63A1E330-4261-42AF-88B6-2C0EC54666C6}.Release|Any CPU.Build.0 = Release|Any CPU
	EndGlobalSection
	GlobalSection(SolutionProperties) = preSolution
		HideSolutionNode = FALSE
	EndGlobalSection
	GlobalSection(ExtensibilityGlobals) = postSolution
		SolutionGuid = {CCE2AD24-6BE9-4943-A85D-83832606F2C4}
	EndGlobalSection
EndGlobal
